<?xml version="1.0" encoding="UTF-8"?>
<!DOCTYPE plist PUBLIC "-//Apple//DTD PLIST 1.0//EN" "http://www.apple.com/DTDs/PropertyList-1.0.dtd">
<plist version="1.0">
<dict>
	<key>archiveVersion</key>
	<string>1</string>
	<key>classes</key>
	<dict/>
	<key>objectVersion</key>
	<string>46</string>
	<key>objects</key>
	<dict>
		<key></key>
		<dict>
			<key>files</key>
			<array>
				<string>49C606A0A3674508A304499E</string>
			</array>
			<key>isa</key>
			<string>PBXResourcesBuildPhase</string>
		</dict>
		<key>032E93F357F04F40B8099046</key>
		<dict>
			<key>includeInIndex</key>
			<string>1</string>
			<key>isa</key>
			<string>PBXFileReference</string>
			<key>name</key>
			<string>ConversionFormViewController.xib</string>
			<key>path</key>
			<string>src/ConversionFormViewController.xib</string>
			<key>sourceTree</key>
			<string>SOURCE_ROOT</string>
		</dict>
		<key>0C763C576B3F46DF81D2973A</key>
		<dict>
			<key>buildSettings</key>
			<dict/>
			<key>isa</key>
			<string>XCBuildConfiguration</string>
			<key>name</key>
			<string>Debug</string>
		</dict>
		<key>2B0DB6BF284248CD88648893</key>
		<dict>
			<key>buildConfigurationList</key>
			<string>7B2647BA3182446195388358</string>
			<key>buildPhases</key>
			<array>
				<string>8C033CA91D10464A87822463</string>
				<string>41D974D432524CAA85A78A98</string>
				<string>F80F4B9AC96C4A5BB4AF9455</string>
				<string>B0F8E90478AA4498ADF929C1</string>
				<string></string>
			</array>
			<key>buildRules</key>
			<array/>
			<key>dependencies</key>
			<array/>
			<key>isa</key>
			<string>PBXNativeTarget</string>
			<key>name</key>
			<string>MobileProject</string>
			<key>productName</key>
			<string>MobileProject</string>
			<key>productReference</key>
			<string>5DE077F845D742AFB556F1A2</string>
			<key>productType</key>
			<string>com.apple.product-type.application</string>
		</dict>
		<key>313BF03B9EC84B798CA79D52</key>
		<dict>
			<key>buildSettings</key>
			<dict>
				<key>ALWAYS_SEARCH_USER_PATHS</key>
				<string>NO</string>
				<key>ARCHS</key>
				<string>$(ARCHS_STANDARD_32_BIT)</string>
				<key>COPY_PHASE_STRIP</key>
				<string>YES</string>
				<key>GCC_C_LANGUAGE_STANDARD</key>
				<string>gnu99</string>
				<key>GCC_PRECOMPILE_PREFIX_HEADER</key>
				<string>YES</string>
				<key>GCC_PREFIX_HEADER</key>
				<string>src/MobileProject-Prefix.pch</string>
				<key>GCC_VERSION</key>
				<string>com.apple.compilers.llvm.clang.1_0</string>
				<key>INFOPLIST_FILE</key>
				<string>src/MobileProject-Info.plist</string>
				<key>IPHONEOS_DEPLOYMENT_TARGET</key>
				<string>5.0</string>
				<key>OTHER_LDFLAGS</key>
				<array>
					<string>-ObjC</string>
					<string>-all_load</string>
				</array>
				<key>PRODUCT_NAME</key>
				<string>$(TARGET_NAME)</string>
				<key>PUBLIC_HEADERS_FOLDER_PATH</key>
				<string>$(TARGET_NAME)</string>
				<key>SDKROOT</key>
				<string>iphoneos</string>
				<key>SKIP_INSTALL</key>
				<string>NO</string>
				<key>VALIDATE_PRODUCT</key>
				<string>YES</string>
			</dict>
			<key>isa</key>
			<string>XCBuildConfiguration</string>
			<key>name</key>
			<string>Release</string>
		</dict>
		<key>3CEF36CC01114EFDB263C5E2</key>
		<dict>
			<key>fileRef</key>
			<string>DF0111C79227440EBD9100D0</string>
			<key>isa</key>
			<string>PBXBuildFile</string>
			<key>settings</key>
			<dict/>
		</dict>
		<key>3F10E55E771B45899A4B0452</key>
		<dict>
			<key>includeInIndex</key>
			<string>1</string>
			<key>isa</key>
			<string>PBXFileReference</string>
			<key>lastKnownFileType</key>
			<string>sourcecode.c.objc</string>
			<key>name</key>
			<string>ConversionFormViewController.m</string>
			<key>path</key>
			<string>src/ConversionFormViewController.m</string>
			<key>sourceTree</key>
			<string>SOURCE_ROOT</string>
		</dict>
		<key>41D974D432524CAA85A78A98</key>
		<dict>
			<key>buildActionMask</key>
			<string>2147483647</string>
			<key>files</key>
			<array>
				<string>52E482A5C1EC4ABC9FA25623</string>
				<string>F5B67A08203345FCA87B7948</string>
				<string>87000D98D3F9453A81585558</string>
				<string>BCD5051C644642A081D066C3</string>
				<string>DD73889109604BF0888B178E</string>
				<string>62341F20BD224760A9354EFA</string>
				<string>E786E18A0A9E47219EB2BF0C</string>
			</array>
			<key>isa</key>
			<string>PBXSourcesBuildPhase</string>
			<key>runOnlyForDeploymentPostprocessing</key>
			<string>0</string>
		</dict>
		<key>49C606A0A3674508A304499E</key>
		<dict>
			<key>fileRef</key>
			<string>EECD04598E0A417CAE0D9DCF</string>
			<key>isa</key>
			<string>PBXBuildFile</string>
			<key>settings</key>
			<dict/>
		</dict>
		<key>4B2B38232D5743438FA80263</key>
		<dict>
			<key>fileRef</key>
			<string>80479EDE50DB4BD398DFA51A</string>
			<key>isa</key>
			<string>PBXBuildFile</string>
			<key>settings</key>
			<dict/>
		</dict>
		<key>52E482A5C1EC4ABC9FA25623</key>
		<dict>
			<key>fileRef</key>
			<string>EB33B9D2CB884367B0E98C5E</string>
			<key>isa</key>
			<string>PBXBuildFile</string>
			<key>settings</key>
			<dict/>
		</dict>
		<key>56C2807F55BA4387BD09263A</key>
		<dict>
			<key>includeInIndex</key>
			<string>1</string>
			<key>isa</key>
			<string>PBXFileReference</string>
			<key>name</key>
			<string>InfoPlist.strings</string>
			<key>path</key>
			<string>src/en.lproj/InfoPlist.strings</string>
			<key>sourceTree</key>
			<string>SOURCE_ROOT</string>
		</dict>
		<key>5A4CAC6056814E99AC295D31</key>
		<dict>
			<key>buildSettings</key>
			<dict/>
			<key>isa</key>
			<string>XCBuildConfiguration</string>
			<key>name</key>
			<string>Release</string>
		</dict>
		<key>5C0C4AD9CDB74E26A98A1AEB</key>
		<dict>
			<key>children</key>
			<array>
				<string>56C2807F55BA4387BD09263A</string>
			</array>
			<key>isa</key>
			<string>PBXGroup</string>
			<key>name</key>
			<string>en.lproj</string>
			<key>sourceTree</key>
			<string>&lt;group&gt;</string>
		</dict>
		<key>5DE077F845D742AFB556F1A2</key>
		<dict>
			<key>explicitFileType</key>
			<string>archive.ar</string>
			<key>includeInIndex</key>
			<string>0</string>
			<key>isa</key>
			<string>PBXFileReference</string>
			<key>name</key>
			<string>libMobileProject.a</string>
			<key>path</key>
			<string>libMobileProject.a</string>
			<key>sourceTree</key>
			<string>BUILT_PRODUCTS_DIR</string>
		</dict>
		<key>62341F20BD224760A9354EFA</key>
		<dict>
			<key>fileRef</key>
			<string>CC3406DEC5FF453BBCFE9B35</string>
			<key>isa</key>
			<string>PBXBuildFile</string>
			<key>settings</key>
			<dict/>
		</dict>
		<key>68D4D796E48A4A64B440419E</key>
		<dict>
			<key>children</key>
			<array>
				<string>F6C66AE40A5A4985986ACCFF</string>
				<string>DF0111C79227440EBD9100D0</string>
				<string>85DE68E251C1451898CFA043</string>
			</array>
			<key>isa</key>
			<string>PBXGroup</string>
			<key>name</key>
			<string>Frameworks</string>
			<key>sourceTree</key>
			<string>&lt;group&gt;</string>
		</dict>
		<key>7B2647BA3182446195388358</key>
		<dict>
			<key>buildConfigurations</key>
			<array>
				<string>313BF03B9EC84B798CA79D52</string>
				<string>DD035D921800425FA9B8AA08</string>
			</array>
			<key>defaultConfigurationIsVisible</key>
			<string>0</string>
			<key>defaultConfigurationName</key>
			<string>Release</string>
			<key>isa</key>
			<string>XCConfigurationList</string>
		</dict>
		<key>80479EDE50DB4BD398DFA51A</key>
		<dict>
			<key>includeInIndex</key>
			<string>1</string>
			<key>isa</key>
			<string>PBXFileReference</string>
			<key>lastKnownFileType</key>
			<string>sourcecode.c.h</string>
			<key>name</key>
			<string>AppDelegate.h</string>
			<key>path</key>
			<string>src/AppDelegate.h</string>
			<key>sourceTree</key>
			<string>SOURCE_ROOT</string>
		</dict>
		<key>85DE68E251C1451898CFA043</key>
		<dict>
			<key>includeInIndex</key>
			<string>1</string>
			<key>isa</key>
			<string>PBXFileReference</string>
			<key>lastKnownFileType</key>
			<string>wrapper.framework</string>
			<key>name</key>
			<string>CoreGraphics.framework</string>
			<key>path</key>
			<string>System/Library/Frameworks/CoreGraphics.framework</string>
			<key>sourceTree</key>
			<string>SDKROOT</string>
		</dict>
		<key>87000D98D3F9453A81585558</key>
		<dict>
			<key>fileRef</key>
			<string>032E93F357F04F40B8099046</string>
			<key>isa</key>
			<string>PBXBuildFile</string>
			<key>settings</key>
			<dict/>
		</dict>
		<key>8864B1156DEC402FAA40324A</key>
		<dict>
			<key>includeInIndex</key>
			<string>1</string>
			<key>isa</key>
			<string>PBXFileReference</string>
			<key>lastKnownFileType</key>
			<string>sourcecode.c.objc</string>
			<key>name</key>
			<string>main.m</string>
			<key>path</key>
			<string>src/main.m</string>
			<key>sourceTree</key>
			<string>SOURCE_ROOT</string>
		</dict>
		<key>8C033CA91D10464A87822463</key>
		<dict>
			<key>buildActionMask</key>
			<string>2147483647</string>
			<key>files</key>
			<array/>
			<key>inputPaths</key>
			<array/>
			<key>isa</key>
			<string>PBXShellScriptBuildPhase</string>
			<key>name</key>
			<string>Build Calatrava Kernel &amp; Shell</string>
			<key>outputPaths</key>
			<array/>
			<key>runOnlyForDeploymentPostprocessing</key>
			<string>0</string>
			<key>shellPath</key>
			<string>/bin/bash</string>
			<key>shellScript</key>
			<string>source ${SRCROOT}/../build_env.sh
bundle exec rake ios:xcode:prebuild</string>
			<key>showEnvVarsInLog</key>
			<string>1</string>
		</dict>
		<key>8E7732DF0C314B8698FC0685</key>
		<dict>
			<key>children</key>
			<array>
				<string>5DE077F845D742AFB556F1A2</string>
			</array>
			<key>isa</key>
			<string>PBXGroup</string>
			<key>name</key>
			<string>Products</string>
			<key>sourceTree</key>
			<string>&lt;group&gt;</string>
		</dict>
		<key>A3F461AAB56E459BAB72D6EE</key>
		<dict>
			<key>buildConfigurations</key>
			<array>
				<string>5A4CAC6056814E99AC295D31</string>
				<string>0C763C576B3F46DF81D2973A</string>
			</array>
			<key>defaultConfigurationIsVisible</key>
			<string>0</string>
			<key>defaultConfigurationName</key>
			<string>Release</string>
			<key>isa</key>
			<string>XCConfigurationList</string>
		</dict>
		<key>AC65928ED3754EE0B9803957</key>
		<dict>
			<key>fileRef</key>
			<string>EA47FD69E8B84102A5E114E7</string>
			<key>isa</key>
			<string>PBXBuildFile</string>
			<key>settings</key>
			<dict/>
		</dict>
		<key>B0F8E90478AA4498ADF929C1</key>
		<dict>
			<key>buildActionMask</key>
			<string>2147483647</string>
			<key>files</key>
			<array>
				<string>4B2B38232D5743438FA80263</string>
				<string>AC65928ED3754EE0B9803957</string>
			</array>
			<key>isa</key>
			<string>PBXHeadersBuildPhase</string>
			<key>runOnlyForDeploymentPostprocessing</key>
			<string>0</string>
		</dict>
		<key>BCD5051C644642A081D066C3</key>
		<dict>
			<key>fileRef</key>
			<string>56C2807F55BA4387BD09263A</string>
			<key>isa</key>
			<string>PBXBuildFile</string>
			<key>settings</key>
			<dict/>
		</dict>
		<key>C06B28B16B874B93B24DA6BF</key>
		<dict>
			<key>fileRef</key>
			<string>85DE68E251C1451898CFA043</string>
			<key>isa</key>
			<string>PBXBuildFile</string>
			<key>settings</key>
			<dict/>
		</dict>
		<key>CC3406DEC5FF453BBCFE9B35</key>
		<dict>
			<key>includeInIndex</key>
			<string>1</string>
			<key>isa</key>
			<string>PBXFileReference</string>
			<key>name</key>
			<string>MobileProject-Info.plist</string>
			<key>path</key>
			<string>src/MobileProject-Info.plist</string>
			<key>sourceTree</key>
			<string>SOURCE_ROOT</string>
		</dict>
		<key>CC4046C795F848BF9A24A8C8</key>
		<dict>
			<key>fileRef</key>
			<string>F6C66AE40A5A4985986ACCFF</string>
			<key>isa</key>
			<string>PBXBuildFile</string>
			<key>settings</key>
			<dict/>
		</dict>
		<key>D6869F7A2B7F437FBA0E750F</key>
		<dict>
			<key>attributes</key>
			<dict>
				<key>LastUpgradeCheck</key>
				<string>0450</string>
			</dict>
			<key>buildConfigurationList</key>
			<string>A3F461AAB56E459BAB72D6EE</string>
			<key>compatibilityVersion</key>
			<string>Xcode 3.2</string>
			<key>developmentRegion</key>
			<string>English</string>
			<key>hasScannedForEncodings</key>
			<string>0</string>
			<key>isa</key>
			<string>PBXProject</string>
			<key>knownRegions</key>
			<array>
				<string>en</string>
			</array>
			<key>mainGroup</key>
			<string>F249DD0AE0454EC4A53AD3BF</string>
			<key>productRefGroup</key>
			<string>8E7732DF0C314B8698FC0685</string>
			<key>projectReferences</key>
			<array/>
			<key>targets</key>
			<array>
				<string>2B0DB6BF284248CD88648893</string>
			</array>
		</dict>
		<key>DD035D921800425FA9B8AA08</key>
		<dict>
			<key>buildSettings</key>
			<dict>
				<key>ALWAYS_SEARCH_USER_PATHS</key>
				<string>NO</string>
				<key>ARCHS</key>
				<string>$(ARCHS_STANDARD_32_BIT)</string>
				<key>COPY_PHASE_STRIP</key>
				<string>NO</string>
				<key>GCC_C_LANGUAGE_STANDARD</key>
				<string>gnu99</string>
				<key>GCC_DYNAMIC_NO_PIC</key>
				<string>NO</string>
				<key>GCC_OPTIMIZATION_LEVEL</key>
				<string>0</string>
				<key>GCC_PRECOMPILE_PREFIX_HEADER</key>
				<string>YES</string>
				<key>GCC_PREFIX_HEADER</key>
				<string>src/MobileProject-Prefix.pch</string>
				<key>GCC_PREPROCESSOR_DEFINITIONS</key>
				<array>
					<string>DEBUG=1</string>
					<string>$(inherited)</string>
				</array>
				<key>GCC_SYMBOLS_PRIVATE_EXTERN</key>
				<string>NO</string>
				<key>GCC_VERSION</key>
				<string>com.apple.compilers.llvm.clang.1_0</string>
				<key>INFOPLIST_FILE</key>
				<string>src/MobileProject-Info.plist</string>
				<key>IPHONEOS_DEPLOYMENT_TARGET</key>
				<string>5.0</string>
				<key>OTHER_LDFLAGS</key>
				<array>
					<string>-ObjC</string>
					<string>-all_load</string>
				</array>
				<key>PRODUCT_NAME</key>
				<string>$(TARGET_NAME)</string>
				<key>PUBLIC_HEADERS_FOLDER_PATH</key>
				<string>$(TARGET_NAME)</string>
				<key>SDKROOT</key>
				<string>iphoneos</string>
				<key>SKIP_INSTALL</key>
				<string>NO</string>
			</dict>
			<key>isa</key>
			<string>XCBuildConfiguration</string>
			<key>name</key>
			<string>Debug</string>
		</dict>
		<key>DD73889109604BF0888B178E</key>
		<dict>
			<key>fileRef</key>
			<string>8864B1156DEC402FAA40324A</string>
			<key>isa</key>
			<string>PBXBuildFile</string>
			<key>settings</key>
			<dict/>
		</dict>
		<key>DF0111C79227440EBD9100D0</key>
		<dict>
			<key>includeInIndex</key>
			<string>1</string>
			<key>isa</key>
			<string>PBXFileReference</string>
			<key>lastKnownFileType</key>
			<string>wrapper.framework</string>
			<key>name</key>
			<string>UIKit.framework</string>
			<key>path</key>
			<string>System/Library/Frameworks/UIKit.framework</string>
			<key>sourceTree</key>
			<string>SDKROOT</string>
		</dict>
		<key>E786E18A0A9E47219EB2BF0C</key>
		<dict>
			<key>fileRef</key>
			<string>FF0CB98B87824DF08E6525B0</string>
			<key>isa</key>
			<string>PBXBuildFile</string>
			<key>settings</key>
			<dict/>
		</dict>
		<key>EA47FD69E8B84102A5E114E7</key>
		<dict>
			<key>includeInIndex</key>
			<string>1</string>
			<key>isa</key>
			<string>PBXFileReference</string>
			<key>lastKnownFileType</key>
			<string>sourcecode.c.h</string>
			<key>name</key>
			<string>ConversionFormViewController.h</string>
			<key>path</key>
			<string>src/ConversionFormViewController.h</string>
			<key>sourceTree</key>
			<string>SOURCE_ROOT</string>
		</dict>
		<key>EB33B9D2CB884367B0E98C5E</key>
		<dict>
			<key>includeInIndex</key>
			<string>1</string>
			<key>isa</key>
			<string>PBXFileReference</string>
			<key>lastKnownFileType</key>
			<string>sourcecode.c.objc</string>
			<key>name</key>
			<string>AppDelegate.m</string>
			<key>path</key>
			<string>src/AppDelegate.m</string>
			<key>sourceTree</key>
			<string>SOURCE_ROOT</string>
		</dict>
		<key>EECD04598E0A417CAE0D9DCF</key>
		<dict>
			<key>includeInIndex</key>
			<string>1</string>
			<key>isa</key>
			<string>PBXFileReference</string>
			<key>lastKnownFileType</key>
			<string>folder</string>
			<key>name</key>
			<string>public</string>
			<key>path</key>
			<string>public</string>
			<key>sourceTree</key>
			<string>SOURCE_ROOT</string>
		</dict>
		<key>F249DD0AE0454EC4A53AD3BF</key>
		<dict>
			<key>children</key>
			<array>
				<string>8E7732DF0C314B8698FC0685</string>
				<string>68D4D796E48A4A64B440419E</string>
				<string>80479EDE50DB4BD398DFA51A</string>
				<string>EB33B9D2CB884367B0E98C5E</string>
				<string>EA47FD69E8B84102A5E114E7</string>
				<string>3F10E55E771B45899A4B0452</string>
				<string>032E93F357F04F40B8099046</string>
				<string>5C0C4AD9CDB74E26A98A1AEB</string>
				<string>8864B1156DEC402FAA40324A</string>
				<string>CC3406DEC5FF453BBCFE9B35</string>
				<string>FF0CB98B87824DF08E6525B0</string>
				<string>EECD04598E0A417CAE0D9DCF</string>
			</array>
			<key>isa</key>
			<string>PBXGroup</string>
			<key>sourceTree</key>
			<string>&lt;group&gt;</string>
		</dict>
		<key>F5B67A08203345FCA87B7948</key>
		<dict>
			<key>fileRef</key>
			<string>3F10E55E771B45899A4B0452</string>
			<key>isa</key>
			<string>PBXBuildFile</string>
			<key>settings</key>
			<dict/>
		</dict>
		<key>F6C66AE40A5A4985986ACCFF</key>
		<dict>
			<key>includeInIndex</key>
			<string>1</string>
			<key>isa</key>
			<string>PBXFileReference</string>
			<key>lastKnownFileType</key>
			<string>wrapper.framework</string>
			<key>name</key>
			<string>Foundation.framework</string>
			<key>path</key>
			<string>Platforms/iPhoneOS.platform/Developer/SDKs/iPhoneOS6.0.sdk/System/Library/Frameworks/Foundation.framework</string>
			<key>sourceTree</key>
			<string>DEVELOPER_DIR</string>
		</dict>
		<key>F80F4B9AC96C4A5BB4AF9455</key>
		<dict>
			<key>buildActionMask</key>
			<string>2147483647</string>
			<key>files</key>
			<array>
				<string>CC4046C795F848BF9A24A8C8</string>
				<string>3CEF36CC01114EFDB263C5E2</string>
				<string>C06B28B16B874B93B24DA6BF</string>
			</array>
			<key>isa</key>
			<string>PBXFrameworksBuildPhase</string>
			<key>runOnlyForDeploymentPostprocessing</key>
			<string>0</string>
		</dict>
		<key>FF0CB98B87824DF08E6525B0</key>
		<dict>
			<key>includeInIndex</key>
			<string>1</string>
			<key>isa</key>
			<string>PBXFileReference</string>
			<key>name</key>
			<string>MobileProject-Prefix.pch</string>
			<key>path</key>
			<string>src/MobileProject-Prefix.pch</string>
			<key>sourceTree</key>
			<string>SOURCE_ROOT</string>
		</dict>
	</dict>
	<key>rootObject</key>
	<string>D6869F7A2B7F437FBA0E750F</string>
</dict>
</plist>
